
Microsoft Visual Studio Solution File, Format Version 12.00
# Visual Studio Version 17
VisualStudioVersion = 17.8.34309.116
MinimumVisualStudioVersion = 10.0.40219.1
Project("{FAE04EC0-301F-11D3-BF4B-00C04F79EFBC}") = "MailMyService", "MailMyService.csproj", "{DBF14FC6-8158-4619-B598-753788C467A5}"
EndProject
Global
	GlobalSection(SolutionConfigurationPlatforms) = preSolution
		Debug|Any CPU = Debug|Any CPU
		Release|Any CPU = Release|Any CPU
	EndGlobalSection
	GlobalSection(ProjectConfigurationPlatforms) = postSolution
		{DBF14FC6-8158-4619-B598-753788C467A5}.Debug|Any CPU.ActiveCfg = Debug|Any CPU
		{DBF14FC6-8158-4619-B598-753788C467A5}.Debug|Any CPU.Build.0 = Debug|Any CPU
		{DBF14FC6-8158-4619-B598-753788C467A5}.Release|Any CPU.ActiveCfg = Release|Any CPU
		{DBF14FC6-8158-4619-B598-753788C467A5}.Release|Any CPU.Build.0 = Release|Any CPU
	EndGlobalSection
	GlobalSection(SolutionProperties) = preSolution
		HideSolutionNode = FALSE
	EndGlobalSection
	GlobalSection(ExtensibilityGlobals) = postSolution
		SolutionGuid = {F8E7C193-830F-474E-A2A8-37A5EF90F528}
	EndGlobalSection
EndGlobal
